lockfileVersion: '9.0'

settings:
  autoInstallPeers: true
  excludeLinksFromLockfile: false

importers:

  .:
    dependencies:
      g:
        specifier: ^2.0.1
        version: 2.0.1
      node:
        specifier: ^25.8.1
        version: 25.8.1
      npm:
        specifier: ^11.11.1
        version: 11.11.1
      pnpm:
        specifier: ^10.32.1
        version: 10.32.1

packages:

  g@2.0.1:
    resolution: {integrity: sha512-Fi6Ng5fZ/ANLQ15H11hCe+09sgUoNvDEBevVgx3KoYOhsH5iLNPn54hx0jPZ+3oSWr+xajnp2Qau9VmPsc7hTA==}

  node-bin-setup@1.1.4:
    resolution: {integrity: sha512-vWNHOne0ZUavArqPP5LJta50+S8R261Fr5SvGul37HbEDcowvLjwdvd0ZeSr0r2lTSrPxl6okq9QUw8BFGiAxA==}

  node@25.8.1:
    resolution: {integrity: sha512-AG1iDDN7Uzku6rFQTjfrqZZRjur8YPkO73PnfDfoj5348DQmFACA8D4X8EhvO8ObIntENK5e/aVviy+sFsAbOA==}
    engines: {npm: '>=5.0.0'}
    hasBin: true

  npm@11.11.1:
    resolution: {integrity: sha512-asazCodkFdz1ReQzukyzS/DD77uGCIqUFeRG3gtaT8b9UR0ne1m9QOBuMgT72ij1rt7TRrOox4A1WzntMWIuEg==}
    engines: {node: ^20.17.0 || >=22.9.0}
    hasBin: true
    bundledDependencies:
      - '@isaacs/string-locale-compare'
      - '@npmcli/arborist'
      - '@npmcli/config'
      - '@npmcli/fs'
      - '@npmcli/map-workspaces'
      - '@npmcli/metavuln-calculator'
      - '@npmcli/package-json'
      - '@npmcli/promise-spawn'
      - '@npmcli/redact'
      - '@npmcli/run-script'
      - '@sigstore/tuf'
      - abbrev
      - archy
      - cacache
      - chalk
      - ci-info
      - fastest-levenshtein
      - fs-minipass
      - glob
      - graceful-fs
      - hosted-git-info
      - ini
      - init-package-json
      - is-cidr
      - json-parse-even-better-errors
      - libnpmaccess
      - libnpmdiff
      - libnpmexec
      - libnpmfund
      - libnpmorg
      - libnpmpack
      - libnpmpublish
      - libnpmsearch
      - libnpmteam
      - libnpmversion
      - make-fetch-happen
      - minimatch
      - minipass
      - minipass-pipeline
      - ms
      - node-gyp
      - nopt
      - npm-audit-report
      - npm-install-checks
      - npm-package-arg
      - npm-pick-manifest
      - npm-profile
      - npm-registry-fetch
      - npm-user-validate
      - p-map
      - pacote
      - parse-conflict-json
      - proc-log
      - qrcode-terminal
      - read
      - semver
      - spdx-expression-parse
      - ssri
      - supports-color
      - tar
      - text-table
      - tiny-relative-date
      - treeverse
      - validate-npm-package-name
      - which

  pnpm@10.32.1:
    resolution: {integrity: sha512-pwaTjw6JrBRWtlY+q07fHR+vM2jRGR/FxZeQ6W3JGORFarLmfWE94QQ9LoyB+HMD5rQNT/7KnfFe8a1Wc0jyvg==}
    engines: {node: '>=18.12'}
    hasBin: true

snapshots:

  g@2.0.1: {}

  node-bin-setup@1.1.4: {}

  node@25.8.1:
    dependencies:
      node-bin-setup: 1.1.4

  npm@11.11.1: {}

  pnpm@10.32.1: {}
